
Microsoft Visual Studio Solution File, Format Version 12.00
# Visual Studio 15
VisualStudioVersion = 15.0.28010.2041
MinimumVisualStudioVersion = 10.0.40219.1
Project("{FAE04EC0-301F-11D3-BF4B-00C04F79EFBC}") = "OneDentalCare", "OneDentalCare\OneDentalCare.csproj", "{421D21CD-B9C5-40AB-8C6A-0F9639386A2D}"
EndProject
Global
	GlobalSection(SolutionConfigurationPlatforms) = preSolution
		Debug|Any CPU = Debug|Any CPU
		Release|Any CPU = Release|Any CPU
	EndGlobalSection
	GlobalSection(ProjectConfigurationPlatforms) = postSolution
		{421D21CD-B9C5-40AB-8C6A-0F9639386A2D}.Debug|Any CPU.ActiveCfg = Debug|Any CPU
		{421D21CD-B9C5-40AB-8C6A-0F9639386A2D}.Debug|Any CPU.Build.0 = Debug|Any CPU
		{421D21CD-B9C5-40AB-8C6A-0F9639386A2D}.Release|Any CPU.ActiveCfg = Release|Any CPU
		{421D21CD-B9C5-40AB-8C6A-0F9639386A2D}.Release|Any CPU.Build.0 = Release|Any CPU
	EndGlobalSection
	GlobalSection(SolutionProperties) = preSolution
		HideSolutionNode = FALSE
	EndGlobalSection
	GlobalSection(ExtensibilityGlobals) = postSolution
		SolutionGuid = {1254B103-E0F1-401B-B06E-17D8435E81D9}
	EndGlobalSection
EndGlobal
